# @generated - this file is auto-generated by `mise lock` https://mise.jdx.dev/dev-tools/mise-lock.html

[[tools."cargo:codebook-lsp"]]
version = "0.3.39"
backend = "cargo:codebook-lsp"

[[tools."cargo:gitu"]]
version = "0.41.0"
backend = "cargo:gitu"

[[tools."cargo:kdlfmt"]]
version = "0.1.6"
backend = "cargo:kdlfmt"

[[tools."go:github.com/umputun/ralphex/cmd/ralphex"]]
version = "1.1.1"
backend = "go:github.com/umputun/ralphex/cmd/ralphex"

[[tools."go:golang.org/x/tools/gopls"]]
version = "0.21.1"
backend = "go:golang.org/x/tools/gopls"

[[tools.node]]
version = "24.15.0"
backend = "core:node"

[tools.node."platforms.linux-arm64"]
checksum = "sha256:73afc234d558c24919875f51c2d1ea002a2ada4ea6f83601a383869fefa64eed"
url = "https://nodejs.org/dist/v24.15.0/node-v24.15.0-linux-arm64.tar.gz"

[tools.node."platforms.linux-arm64-musl"]
checksum = "sha256:31e98aa960a067da91edffd5d93bc46657b5d2a8029612c359f5f2ac0060152a"
url = "https://unofficial-builds.nodejs.org/download/release/v24.15.0/node-v24.15.0-linux-arm64-musl.tar.gz"

[tools.node."platforms.linux-x64"]
checksum = "sha256:44836872d9aec49f1e6b52a9a922872db9a2b02d235a616a5681b6a85fec8d89"
url = "https://nodejs.org/dist/v24.15.0/node-v24.15.0-linux-x64.tar.gz"

[tools.node."platforms.linux-x64-musl"]
checksum = "sha256:f55af5bd489c5347b113ca6594cae00a54b30ba57ac5875324311bfc6f4762e3"
url = "https://unofficial-builds.nodejs.org/download/release/v24.15.0/node-v24.15.0-linux-x64-musl.tar.gz"

[tools.node."platforms.macos-arm64"]
checksum = "sha256:372331b969779ab5d15b949884fc6eaf88d5afe87bde8ba881d6400b9100ffc4"
url = "https://nodejs.org/dist/v24.15.0/node-v24.15.0-darwin-arm64.tar.gz"

[tools.node."platforms.macos-x64"]
checksum = "sha256:ffd5ee293467927f3ee731a553eb88fd1f48cf74eebc2d74a6babe4af228673b"
url = "https://nodejs.org/dist/v24.15.0/node-v24.15.0-darwin-x64.tar.gz"

[tools.node."platforms.windows-x64"]
checksum = "sha256:cc5149eabd53779ce1e7bdc5401643622d0c7e6800ade18928a767e940bb0e62"
url = "https://nodejs.org/dist/v24.15.0/node-v24.15.0-win-x64.zip"

[[tools."npm:@angular/cli"]]
version = "21.2.10"
backend = "npm:@angular/cli"

[[tools."npm:@angular/language-server"]]
version = "21.2.12"
backend = "npm:@angular/language-server"

[[tools."npm:@angular/language-service"]]
version = "21.2.12"
backend = "npm:@angular/language-service"

[[tools."npm:@earendil-works/pi-coding-agent"]]
version = "0.74.0"
backend = "npm:@earendil-works/pi-coding-agent"

[[tools."npm:@github/copilot-language-server"]]
version = "1.483.0"
backend = "npm:@github/copilot-language-server"

[[tools."npm:@gy920/qwen-mcp-tool"]]
version = "1.1.4"
backend = "npm:@gy920/qwen-mcp-tool"

[[tools."npm:@kilocode/cli"]]
version = "7.2.34"
backend = "npm:@kilocode/cli"

[[tools."npm:@mariozechner/pi-coding-agent"]]
version = "0.73.0"
backend = "npm:@mariozechner/pi-coding-agent"

[[tools."npm:@mem0/cli"]]
version = "0.2.4"
backend = "npm:@mem0/cli"

[[tools."npm:@mermaid-js/mermaid-cli"]]
version = "11.14.0"
backend = "npm:@mermaid-js/mermaid-cli"

[[tools."npm:@openai/codex"]]
version = "0.128.0"
backend = "npm:@openai/codex"

[[tools."npm:@qwen-code/qwen-code"]]
version = "0.15.6"
backend = "npm:@qwen-code/qwen-code"

[[tools."npm:@tobilu/qmd"]]
version = "2.1.0"
backend = "npm:@tobilu/qmd"

[[tools."npm:@vue/language-server"]]
version = "3.2.8"
backend = "npm:@vue/language-server"

[[tools."npm:bun"]]
version = "1.3.13"
backend = "npm:bun"

[[tools."npm:context-mode"]]
version = "1.0.111"
backend = "npm:context-mode"

[[tools."npm:copilot-node-server"]]
version = "1.41.0"
backend = "npm:copilot-node-server"

[[tools."npm:env-cmd"]]
version = "11.0.0"
backend = "npm:env-cmd"

[[tools."npm:eslint"]]
version = "10.3.0"
backend = "npm:eslint"

[[tools."npm:git-trim"]]
version = "0.2.1"
backend = "npm:git-trim"

[[tools."npm:lua-fmt"]]
version = "2.6.0"
backend = "npm:lua-fmt"

[[tools."npm:mcp-codex-cli"]]
version = "1.0.0"
backend = "npm:mcp-codex-cli"

[[tools."npm:mem0ai"]]
version = "3.0.3"
backend = "npm:mem0ai"

[[tools."npm:ngx-unused-css"]]
version = "4.0.0-1"
backend = "npm:ngx-unused-css"

[[tools."npm:npm-check-updates"]]
version = "22.1.1"
backend = "npm:npm-check-updates"

[[tools."npm:npm-upgrade"]]
version = "3.1.2"
backend = "npm:npm-upgrade"

[[tools."npm:opencode-ai"]]
version = "1.14.41"
backend = "npm:opencode-ai"

[[tools."npm:opentmux"]]
version = "1.5.7"
backend = "npm:opentmux"

[[tools."npm:orgnote-cli"]]
version = "0.12.4"
backend = "npm:orgnote-cli"

[[tools."npm:pi-antigravity-rotator"]]
version = "1.10.1"
backend = "npm:pi-antigravity-rotator"

[[tools."npm:pi-link"]]
version = "0.1.14"
backend = "npm:pi-link"

[[tools."npm:playwright"]]
version = "1.59.1"
backend = "npm:playwright"

[[tools."npm:prettier"]]
version = "3.8.3"
backend = "npm:prettier"

[[tools."npm:pretty-ts-errors-markdown"]]
version = "0.0.15"
backend = "npm:pretty-ts-errors-markdown"

[[tools."npm:pyright"]]
version = "1.1.409"
backend = "npm:pyright"

[[tools."npm:skills"]]
version = "1.5.5"
backend = "npm:skills"

[[tools."npm:stylelint"]]
version = "17.11.0"
backend = "npm:stylelint"

[[tools."npm:typescript"]]
version = "6.0.3"
backend = "npm:typescript"

[[tools."npm:typescript-language-server"]]
version = "5.1.3"
backend = "npm:typescript-language-server"

[[tools."npm:vscode-langservers-extracted"]]
version = "4.10.0"
backend = "npm:vscode-langservers-extracted"

[[tools."npm:yalc"]]
version = "1.0.0-pre.53"
backend = "npm:yalc"

[[tools."npm:yaml-language-server"]]
version = "1.23.0"
backend = "npm:yaml-language-server"

[[tools."pipx:basedpyright"]]
version = "1.39.3"
backend = "pipx:basedpyright"

[[tools."pipx:http-prompt"]]
version = "2.1.0"
backend = "pipx:http-prompt"

[[tools."pipx:httpie"]]
version = "3.2.4"
backend = "pipx:httpie"

[[tools."pipx:rassumfrassum"]]
version = "0.3.3"
backend = "pipx:rassumfrassum"

[[tools."pipx:ty"]]
version = "0.0.34"
backend = "pipx:ty"

[[tools.pnpm]]
version = "10.33.2"
backend = "aqua:pnpm/pnpm"

[tools.pnpm."platforms.linux-arm64"]
checksum = "sha256:0828e5ee23be89d22bd53cc36e93c181ce9d5c47d75f9fe9bf4bdc7a65c66322"
url = "https://github.com/pnpm/pnpm/releases/download/v10.33.2/pnpm-linux-arm64"

[tools.pnpm."platforms.linux-arm64-musl"]
checksum = "sha256:0828e5ee23be89d22bd53cc36e93c181ce9d5c47d75f9fe9bf4bdc7a65c66322"
url = "https://github.com/pnpm/pnpm/releases/download/v10.33.2/pnpm-linux-arm64"

[tools.pnpm."platforms.linux-x64"]
checksum = "sha256:39d7b6600239712bc9581ea219b17ffef46ba60998779cb717be2e068be029ef"
url = "https://github.com/pnpm/pnpm/releases/download/v10.33.2/pnpm-linux-x64"

[tools.pnpm."platforms.linux-x64-musl"]
checksum = "sha256:39d7b6600239712bc9581ea219b17ffef46ba60998779cb717be2e068be029ef"
url = "https://github.com/pnpm/pnpm/releases/download/v10.33.2/pnpm-linux-x64"

[tools.pnpm."platforms.macos-arm64"]
checksum = "sha256:a99a4d5d0e6bd3728949c24ff74a2f2f2d07f73bc48fd308e4eea75d8e72acdc"
url = "https://github.com/pnpm/pnpm/releases/download/v10.33.2/pnpm-macos-arm64"

[tools.pnpm."platforms.macos-x64"]
checksum = "sha256:3b66abb865f4e7a82393861f0f3784d67a704a31a4021739874d4b7910793dca"
url = "https://github.com/pnpm/pnpm/releases/download/v10.33.2/pnpm-macos-x64"

[tools.pnpm."platforms.windows-x64"]
checksum = "sha256:3d1af71e9da7081efd58f95942e1f7e2107bf8fcdae03eb2331c0b6cea59510b"
url = "https://github.com/pnpm/pnpm/releases/download/v10.33.2/pnpm-win-x64.exe"

[[tools.uv]]
version = "0.11.8"
backend = "aqua:astral-sh/uv"
